
Microsoft Visual Studio Solution File, Format Version 12.00
# Visual Studio Version 16
VisualStudioVersion = 16.0.29009.5
MinimumVisualStudioVersion = 10.0.40219.1
Project("{FAE04EC0-301F-11D3-BF4B-00C04F79EFBC}") = "storytel", "storytel\storytel.csproj", "{0ACD73B7-64A4-4BB4-9D91-183A615AB4C1}"
EndProject
Global
	GlobalSection(SolutionConfigurationPlatforms) = preSolution
		Debug|Any CPU = Debug|Any CPU
		Release|Any CPU = Release|Any CPU
	EndGlobalSection
	GlobalSection(ProjectConfigurationPlatforms) = postSolution
		{0ACD73B7-64A4-4BB4-9D91-183A615AB4C1}.Debug|Any CPU.ActiveCfg = Debug|Any CPU
		{0ACD73B7-64A4-4BB4-9D91-183A615AB4C1}.Debug|Any CPU.Build.0 = Debug|Any CPU
		{0ACD73B7-64A4-4BB4-9D91-183A615AB4C1}.Release|Any CPU.ActiveCfg = Release|Any CPU
		{0ACD73B7-64A4-4BB4-9D91-183A615AB4C1}.Release|Any CPU.Build.0 = Release|Any CPU
	EndGlobalSection
	GlobalSection(SolutionProperties) = preSolution
		HideSolutionNode = FALSE
	EndGlobalSection
	GlobalSection(ExtensibilityGlobals) = postSolution
		SolutionGuid = {B7B1C2F4-91AC-4DCC-B6CC-97DB8689F831}
	EndGlobalSection
EndGlobal
