
Microsoft Visual Studio Solution File, Format Version 12.00
# Visual Studio 15
VisualStudioVersion = 15.0.28010.2026
MinimumVisualStudioVersion = 10.0.40219.1
Project("{FAE04EC0-301F-11D3-BF4B-00C04F79EFBC}") = "Storytime.Android", "Storytime\Storytime.Android\Storytime.Android.csproj", "{4204CD4E-174B-4189-9BD3-169B4CC2708B}"
EndProject
Project("{FAE04EC0-301F-11D3-BF4B-00C04F79EFBC}") = "Storytime.iOS", "Storytime\Storytime.iOS\Storytime.iOS.csproj", "{00321718-42B3-4A44-9DB4-BBC9DCC7C66A}"
EndProject
Project("{FAE04EC0-301F-11D3-BF4B-00C04F79EFBC}") = "Storytime", "Storytime\Storytime\Storytime.csproj", "{A03C90A6-7050-4C5E-86B4-61227221C059}"
EndProject
Global
	GlobalSection(SolutionConfigurationPlatforms) = preSolution
		Ad-Hoc|Any CPU = Ad-Hoc|Any CPU
		Ad-Hoc|iPhone = Ad-Hoc|iPhone
		Ad-Hoc|iPhoneSimulator = Ad-Hoc|iPhoneSimulator
		AppStore|Any CPU = AppStore|Any CPU
		AppStore|iPhone = AppStore|iPhone
		AppStore|iPhoneSimulator = AppStore|iPhoneSimulator
		Debug|Any CPU = Debug|Any CPU
		Debug|iPhone = Debug|iPhone
		Debug|iPhoneSimulator = Debug|iPhoneSimulator
		Release|Any CPU = Release|Any CPU
		Release|iPhone = Release|iPhone
		Release|iPhoneSimulator = Release|iPhoneSimulator
	EndGlobalSection
	GlobalSection(ProjectConfigurationPlatforms) = postSolution
		{4204CD4E-174B-4189-9BD3-169B4CC2708B}.Ad-Hoc|Any CPU.ActiveCfg = Release|Any CPU
		{4204CD4E-174B-4189-9BD3-169B4CC2708B}.Ad-Hoc|Any CPU.Build.0 = Release|Any CPU
		{4204CD4E-174B-4189-9BD3-169B4CC2708B}.Ad-Hoc|Any CPU.Deploy.0 = Release|Any CPU
		{4204CD4E-174B-4189-9BD3-169B4CC2708B}.Ad-Hoc|iPhone.ActiveCfg = Release|Any CPU
		{4204CD4E-174B-4189-9BD3-169B4CC2708B}.Ad-Hoc|iPhone.Build.0 = Release|Any CPU
		{4204CD4E-174B-4189-9BD3-169B4CC2708B}.Ad-Hoc|iPhone.Deploy.0 = Release|Any CPU
		{4204CD4E-174B-4189-9BD3-169B4CC2708B}.Ad-Hoc|iPhoneSimulator.ActiveCfg = Release|Any CPU
		{4204CD4E-174B-4189-9BD3-169B4CC2708B}.Ad-Hoc|iPhoneSimulator.Build.0 = Release|Any CPU
		{4204CD4E-174B-4189-9BD3-169B4CC2708B}.Ad-Hoc|iPhoneSimulator.Deploy.0 = Release|Any CPU
		{4204CD4E-174B-4189-9BD3-169B4CC2708B}.AppStore|Any CPU.ActiveCfg = Release|Any CPU
		{4204CD4E-174B-4189-9BD3-169B4CC2708B}.AppStore|Any CPU.Build.0 = Release|Any CPU
		{4204CD4E-174B-4189-9BD3-169B4CC2708B}.AppStore|Any CPU.Deploy.0 = Release|Any CPU
		{4204CD4E-174B-4189-9BD3-169B4CC2708B}.AppStore|iPhone.ActiveCfg = Release|Any CPU
		{4204CD4E-174B-4189-9BD3-169B4CC2708B}.AppStore|iPhone.Build.0 = Release|Any CPU
		{4204CD4E-174B-4189-9BD3-169B4CC2708B}.AppStore|iPhone.Deploy.0 = Release|Any CPU
		{4204CD4E-174B-4189-9BD3-169B4CC2708B}.AppStore|iPhoneSimulator.ActiveCfg = Release|Any CPU
		{4204CD4E-174B-4189-9BD3-169B4CC2708B}.AppStore|iPhoneSimulator.Build.0 = Release|Any CPU
		{4204CD4E-174B-4189-9BD3-169B4CC2708B}.AppStore|iPhoneSimulator.Deploy.0 = Release|Any CPU
		{4204CD4E-174B-4189-9BD3-169B4CC2708B}.Debug|Any CPU.ActiveCfg = Debug|Any CPU
		{4204CD4E-174B-4189-9BD3-169B4CC2708B}.Debug|Any CPU.Build.0 = Debug|Any CPU
		{4204CD4E-174B-4189-9BD3-169B4CC2708B}.Debug|Any CPU.Deploy.0 = Debug|Any CPU
		{4204CD4E-174B-4189-9BD3-169B4CC2708B}.Debug|iPhone.ActiveCfg = Debug|Any CPU
		{4204CD4E-174B-4189-9BD3-169B4CC2708B}.Debug|iPhone.Build.0 = Debug|Any CPU
		{4204CD4E-174B-4189-9BD3-169B4CC2708B}.Debug|iPhone.Deploy.0 = Debug|Any CPU
		{4204CD4E-174B-4189-9BD3-169B4CC2708B}.Debug|iPhoneSimulator.ActiveCfg = Debug|Any CPU
		{4204CD4E-174B-4189-9BD3-169B4CC2708B}.Debug|iPhoneSimulator.Build.0 = Debug|Any CPU
		{4204CD4E-174B-4189-9BD3-169B4CC2708B}.Debug|iPhoneSimulator.Deploy.0 = Debug|Any CPU
		{4204CD4E-174B-4189-9BD3-169B4CC2708B}.Release|Any CPU.ActiveCfg = Release|Any CPU
		{4204CD4E-174B-4189-9BD3-169B4CC2708B}.Release|Any CPU.Build.0 = Release|Any CPU
		{4204CD4E-174B-4189-9BD3-169B4CC2708B}.Release|Any CPU.Deploy.0 = Release|Any CPU
		{4204CD4E-174B-4189-9BD3-169B4CC2708B}.Release|iPhone.ActiveCfg = Release|Any CPU
		{4204CD4E-174B-4189-9BD3-169B4CC2708B}.Release|iPhone.Build.0 = Release|Any CPU
		{4204CD4E-174B-4189-9BD3-169B4CC2708B}.Release|iPhone.Deploy.0 = Release|Any CPU
		{4204CD4E-174B-4189-9BD3-169B4CC2708B}.Release|iPhoneSimulator.ActiveCfg = Release|Any CPU
		{4204CD4E-174B-4189-9BD3-169B4CC2708B}.Release|iPhoneSimulator.Build.0 = Release|Any CPU
		{4204CD4E-174B-4189-9BD3-169B4CC2708B}.Release|iPhoneSimulator.Deploy.0 = Release|Any CPU
		{00321718-42B3-4A44-9DB4-BBC9DCC7C66A}.Ad-Hoc|Any CPU.ActiveCfg = Ad-Hoc|iPhone
		{00321718-42B3-4A44-9DB4-BBC9DCC7C66A}.Ad-Hoc|Any CPU.Build.0 = Ad-Hoc|iPhone
		{00321718-42B3-4A44-9DB4-BBC9DCC7C66A}.Ad-Hoc|Any CPU.Deploy.0 = Ad-Hoc|iPhone
		{00321718-42B3-4A44-9DB4-BBC9DCC7C66A}.Ad-Hoc|iPhone.ActiveCfg = Ad-Hoc|iPhone
		{00321718-42B3-4A44-9DB4-BBC9DCC7C66A}.Ad-Hoc|iPhone.Build.0 = Ad-Hoc|iPhone
		{00321718-42B3-4A44-9DB4-BBC9DCC7C66A}.Ad-Hoc|iPhone.Deploy.0 = Ad-Hoc|iPhone
		{00321718-42B3-4A44-9DB4-BBC9DCC7C66A}.Ad-Hoc|iPhoneSimulator.ActiveCfg = Ad-Hoc|iPhoneSimulator
		{00321718-42B3-4A44-9DB4-BBC9DCC7C66A}.Ad-Hoc|iPhoneSimulator.Build.0 = Ad-Hoc|iPhoneSimulator
		{00321718-42B3-4A44-9DB4-BBC9DCC7C66A}.Ad-Hoc|iPhoneSimulator.Deploy.0 = Ad-Hoc|iPhoneSimulator
		{00321718-42B3-4A44-9DB4-BBC9DCC7C66A}.AppStore|Any CPU.ActiveCfg = AppStore|iPhone
		{00321718-42B3-4A44-9DB4-BBC9DCC7C66A}.AppStore|Any CPU.Build.0 = AppStore|iPhone
		{00321718-42B3-4A44-9DB4-BBC9DCC7C66A}.AppStore|Any CPU.Deploy.0 = AppStore|iPhone
		{00321718-42B3-4A44-9DB4-BBC9DCC7C66A}.AppStore|iPhone.ActiveCfg = AppStore|iPhone
		{00321718-42B3-4A44-9DB4-BBC9DCC7C66A}.AppStore|iPhone.Build.0 = AppStore|iPhone
		{00321718-42B3-4A44-9DB4-BBC9DCC7C66A}.AppStore|iPhone.Deploy.0 = AppStore|iPhone
		{00321718-42B3-4A44-9DB4-BBC9DCC7C66A}.AppStore|iPhoneSimulator.ActiveCfg = AppStore|iPhoneSimulator
		{00321718-42B3-4A44-9DB4-BBC9DCC7C66A}.AppStore|iPhoneSimulator.Build.0 = AppStore|iPhoneSimulator
		{00321718-42B3-4A44-9DB4-BBC9DCC7C66A}.AppStore|iPhoneSimulator.Deploy.0 = AppStore|iPhoneSimulator
		{00321718-42B3-4A44-9DB4-BBC9DCC7C66A}.Debug|Any CPU.ActiveCfg = Debug|iPhoneSimulator
		{00321718-42B3-4A44-9DB4-BBC9DCC7C66A}.Debug|Any CPU.Build.0 = Debug|iPhoneSimulator
		{00321718-42B3-4A44-9DB4-BBC9DCC7C66A}.Debug|Any CPU.Deploy.0 = Debug|iPhoneSimulator
		{00321718-42B3-4A44-9DB4-BBC9DCC7C66A}.Debug|iPhone.ActiveCfg = Debug|iPhone
		{00321718-42B3-4A44-9DB4-BBC9DCC7C66A}.Debug|iPhone.Build.0 = Debug|iPhone
		{00321718-42B3-4A44-9DB4-BBC9DCC7C66A}.Debug|iPhone.Deploy.0 = Debug|iPhone
		{00321718-42B3-4A44-9DB4-BBC9DCC7C66A}.Debug|iPhoneSimulator.ActiveCfg = Debug|iPhoneSimulator
		{00321718-42B3-4A44-9DB4-BBC9DCC7C66A}.Debug|iPhoneSimulator.Build.0 = Debug|iPhoneSimulator
		{00321718-42B3-4A44-9DB4-BBC9DCC7C66A}.Debug|iPhoneSimulator.Deploy.0 = Debug|iPhoneSimulator
		{00321718-42B3-4A44-9DB4-BBC9DCC7C66A}.Release|Any CPU.ActiveCfg = Release|iPhone
		{00321718-42B3-4A44-9DB4-BBC9DCC7C66A}.Release|Any CPU.Build.0 = Release|iPhone
		{00321718-42B3-4A44-9DB4-BBC9DCC7C66A}.Release|Any CPU.Deploy.0 = Release|iPhone
		{00321718-42B3-4A44-9DB4-BBC9DCC7C66A}.Release|iPhone.ActiveCfg = Release|iPhone
		{00321718-42B3-4A44-9DB4-BBC9DCC7C66A}.Release|iPhone.Build.0 = Release|iPhone
		{00321718-42B3-4A44-9DB4-BBC9DCC7C66A}.Release|iPhone.Deploy.0 = Release|iPhone
		{00321718-42B3-4A44-9DB4-BBC9DCC7C66A}.Release|iPhoneSimulator.ActiveCfg = Release|iPhoneSimulator
		{00321718-42B3-4A44-9DB4-BBC9DCC7C66A}.Release|iPhoneSimulator.Build.0 = Release|iPhoneSimulator
		{00321718-42B3-4A44-9DB4-BBC9DCC7C66A}.Release|iPhoneSimulator.Deploy.0 = Release|iPhoneSimulator
		{A03C90A6-7050-4C5E-86B4-61227221C059}.Ad-Hoc|Any CPU.ActiveCfg = Debug|Any CPU
		{A03C90A6-7050-4C5E-86B4-61227221C059}.Ad-Hoc|Any CPU.Build.0 = Debug|Any CPU
		{A03C90A6-7050-4C5E-86B4-61227221C059}.Ad-Hoc|Any CPU.Deploy.0 = Debug|Any CPU
		{A03C90A6-7050-4C5E-86B4-61227221C059}.Ad-Hoc|iPhone.ActiveCfg = Debug|Any CPU
		{A03C90A6-7050-4C5E-86B4-61227221C059}.Ad-Hoc|iPhone.Build.0 = Debug|Any CPU
		{A03C90A6-7050-4C5E-86B4-61227221C059}.Ad-Hoc|iPhone.Deploy.0 = Debug|Any CPU
		{A03C90A6-7050-4C5E-86B4-61227221C059}.Ad-Hoc|iPhoneSimulator.ActiveCfg = Debug|Any CPU
		{A03C90A6-7050-4C5E-86B4-61227221C059}.Ad-Hoc|iPhoneSimulator.Build.0 = Debug|Any CPU
		{A03C90A6-7050-4C5E-86B4-61227221C059}.Ad-Hoc|iPhoneSimulator.Deploy.0 = Debug|Any CPU
		{A03C90A6-7050-4C5E-86B4-61227221C059}.AppStore|Any CPU.ActiveCfg = Debug|Any CPU
		{A03C90A6-7050-4C5E-86B4-61227221C059}.AppStore|Any CPU.Build.0 = Debug|Any CPU
		{A03C90A6-7050-4C5E-86B4-61227221C059}.AppStore|Any CPU.Deploy.0 = Debug|Any CPU
		{A03C90A6-7050-4C5E-86B4-61227221C059}.AppStore|iPhone.ActiveCfg = Debug|Any CPU
		{A03C90A6-7050-4C5E-86B4-61227221C059}.AppStore|iPhone.Build.0 = Debug|Any CPU
		{A03C90A6-7050-4C5E-86B4-61227221C059}.AppStore|iPhone.Deploy.0 = Debug|Any CPU
		{A03C90A6-7050-4C5E-86B4-61227221C059}.AppStore|iPhoneSimulator.ActiveCfg = Debug|Any CPU
		{A03C90A6-7050-4C5E-86B4-61227221C059}.AppStore|iPhoneSimulator.Build.0 = Debug|Any CPU
		{A03C90A6-7050-4C5E-86B4-61227221C059}.AppStore|iPhoneSimulator.Deploy.0 = Debug|Any CPU
		{A03C90A6-7050-4C5E-86B4-61227221C059}.Debug|Any CPU.ActiveCfg = Debug|Any CPU
		{A03C90A6-7050-4C5E-86B4-61227221C059}.Debug|Any CPU.Build.0 = Debug|Any CPU
		{A03C90A6-7050-4C5E-86B4-61227221C059}.Debug|Any CPU.Deploy.0 = Debug|Any CPU
		{A03C90A6-7050-4C5E-86B4-61227221C059}.Debug|iPhone.ActiveCfg = Debug|Any CPU
		{A03C90A6-7050-4C5E-86B4-61227221C059}.Debug|iPhone.Build.0 = Debug|Any CPU
		{A03C90A6-7050-4C5E-86B4-61227221C059}.Debug|iPhone.Deploy.0 = Debug|Any CPU
		{A03C90A6-7050-4C5E-86B4-61227221C059}.Debug|iPhoneSimulator.ActiveCfg = Debug|Any CPU
		{A03C90A6-7050-4C5E-86B4-61227221C059}.Debug|iPhoneSimulator.Build.0 = Debug|Any CPU
		{A03C90A6-7050-4C5E-86B4-61227221C059}.Debug|iPhoneSimulator.Deploy.0 = Debug|Any CPU
		{A03C90A6-7050-4C5E-86B4-61227221C059}.Release|Any CPU.ActiveCfg = Release|Any CPU
		{A03C90A6-7050-4C5E-86B4-61227221C059}.Release|Any CPU.Build.0 = Release|Any CPU
		{A03C90A6-7050-4C5E-86B4-61227221C059}.Release|Any CPU.Deploy.0 = Release|Any CPU
		{A03C90A6-7050-4C5E-86B4-61227221C059}.Release|iPhone.ActiveCfg = Release|Any CPU
		{A03C90A6-7050-4C5E-86B4-61227221C059}.Release|iPhone.Build.0 = Release|Any CPU
		{A03C90A6-7050-4C5E-86B4-61227221C059}.Release|iPhone.Deploy.0 = Release|Any CPU
		{A03C90A6-7050-4C5E-86B4-61227221C059}.Release|iPhoneSimulator.ActiveCfg = Release|Any CPU
		{A03C90A6-7050-4C5E-86B4-61227221C059}.Release|iPhoneSimulator.Build.0 = Release|Any CPU
		{A03C90A6-7050-4C5E-86B4-61227221C059}.Release|iPhoneSimulator.Deploy.0 = Release|Any CPU
	EndGlobalSection
	GlobalSection(SolutionProperties) = preSolution
		HideSolutionNode = FALSE
	EndGlobalSection
	GlobalSection(ExtensibilityGlobals) = postSolution
		SolutionGuid = {5097EE6B-EDF6-4457-83B5-53117C1756A1}
	EndGlobalSection
EndGlobal
